{
  "lockfileVersion": 2,
  "configVersion": 1,
  "workspaces": {
    "": {
      "name": "dsh-simple-usage-info",
      "devDependencies": {
        "@deepseek-ai/cordis": "~4.0.4",
        "@deepseek-ai/dsh-credentials": "0.2.0-rc.2 || 0.2.1-alpha.1",
        "@deepseek-ai/dsh-launch-environment": "0.2.0-rc.2 || 0.2.1-alpha.1",
        "@deepseek-ai/schemastery": "~3.18.4",
        "react": "^18.3.1",
        "react-dom": "^18.3.1",
      },
      "peerDependencies": {
        "@deepseek-ai/cordis": "~4.0.4",
        "@deepseek-ai/dsh-credentials": "0.2.0-rc.2 || 0.2.1-alpha.1",
        "@deepseek-ai/dsh-launch-environment": "0.2.0-rc.2 || 0.2.1-alpha.1",
        "@deepseek-ai/schemastery": "~3.18.4",
      },
    },
  },
  "packages": {
    "@deepseek-ai/cordis": ["@deepseek-ai/cordis@4.0.4", "", { "dependencies": { "@deepseek-ai/cosmokit": "~1.8.5", "@standard-schema/spec": "^1.1.0" }, "peerDependencies": { "@deepseek-ai/cordis-plugin-include": "~1.0.9", "@deepseek-ai/cordis-plugin-loader": "~1.0.5" }, "optionalPeers": ["@deepseek-ai/cordis-plugin-include", "@deepseek-ai/cordis-plugin-loader"], "bin": { "cordis": "bin.js" } }, "sha512-obgyxqWAmFn3Re8kvsuUnyW+ihrz6eJCnJO4fh1cQzDtmPYz/zzVeUkH9R94I0OwSVOocK67Kgakm04j/oQXzg=="],

    "@deepseek-ai/cosmokit": ["@deepseek-ai/cosmokit@1.8.5", "", {}, "sha512-LXsrlem9z8dq4sLflj2yuCuYX7KqhdzF5hZly3eZyuTo8d6oDSOXuEgC5DbQWKW+lksm6zmOutQLsP/ma6wR6A=="],

    "@deepseek-ai/dsh-brand": ["@deepseek-ai/dsh-brand@0.2.0-rc.2", "", { "peerDependencies": { "@deepseek-ai/cordis": "~4.0.4" } }, "sha512-A5XlN4tIgP0qObkYFhcZ7Oz/tM2oESEZqLwS0Qq+sM1ivGx6o4AMPgJdfKQlwLzqk0cMLNtAaVBHfiYoElt4lw=="],

    "@deepseek-ai/dsh-credentials": ["@deepseek-ai/dsh-credentials@0.2.0-rc.2", "", { "dependencies": { "@deepseek-ai/dsh-brand": "0.2.0-rc.2" }, "peerDependencies": { "@deepseek-ai/cordis": "~4.0.4", "@deepseek-ai/dsh-invariants": "0.2.0-rc.2" } }, "sha512-TQlvP0jxXYGy1ZNzh4nVsiCzb8FR9iGarD6BfIZ3LwJC8lDtjSxQHWE8//NYjpn10TIMxmaR4s6niHuJ3JkTOw=="],

    "@deepseek-ai/dsh-invariants": ["@deepseek-ai/dsh-invariants@0.2.0-rc.2", "", { "dependencies": { "@deepseek-ai/schemastery": "~3.18.4" }, "peerDependencies": { "@deepseek-ai/cordis": "~4.0.4" } }, "sha512-QOVc0HpRsS8ekvprb45FlxieDvgR/cAMaxW289HASjMoV/U/B54FpbkHuPBw4EnTw07/sPkjx2B/23+YqE0cbg=="],

    "@deepseek-ai/dsh-launch-environment": ["@deepseek-ai/dsh-launch-environment@0.2.0-rc.2", "", { "peerDependencies": { "@deepseek-ai/cordis": "~4.0.4" } }, "sha512-IyhZjJJQ7RVLcKlc4pPPjojOKrr2XCYm7VRpslFq7bvGj3DGt8WMTSCCZUWxCThY2jg6kFF1ujiTGunELfRO6Q=="],

    "@deepseek-ai/schemastery": ["@deepseek-ai/schemastery@3.18.4", "", { "dependencies": { "@deepseek-ai/cosmokit": "~1.8.5", "@standard-schema/spec": "^1.1.0" } }, "sha512-SSXO6tYuyrIqKVbmOnIq0s+riUywYzouFMcnBluHF9n4KMo2G8HvEzhCYj6pj2617/glOjbJuVInJ9hfONsjkg=="],

    "@standard-schema/spec": ["@standard-schema/spec@1.1.0", "", {}, "sha512-l2aFy5jALhniG5HgqrD6jXLi/rUWrKvqN/qJx6yoJsgKhblVd+iqqU4RCXavm/jPityDo5TCvKMnpjKnOriy0w=="],

    "js-tokens": ["js-tokens@4.0.0", "", {}, "sha512-RdJUflcE3cUzKiMqQgsCu06FPu9UdIJO0beYbPhHN4k6apgJtifcoCtT9bcxOpYBtpD2kCM6Sbzg4CausW/PKQ=="],

    "loose-envify": ["loose-envify@1.4.0", "", { "dependencies": { "js-tokens": "^3.0.0 || ^4.0.0" }, "bin": { "loose-envify": "cli.js" } }, "sha512-lyuxPGr/Wfhrlem2CL/UcnUc1zcqKAImBDzukY7Y5F/yQiNdko6+fRLevlw1HgMySw7f611UIY408EtxRSoK3Q=="],

    "react": ["react@18.3.1", "", { "dependencies": { "loose-envify": "^1.1.0" } }, "sha512-wS+hAgJShR0KhEvPJArfuPVN1+Hz1t0Y6n5jLrGQbkb4urgPE/0Rve+1kMB1v/oWgHgm4WIcV+i7F2pTVj+2iQ=="],

    "react-dom": ["react-dom@18.3.1", "", { "dependencies": { "loose-envify": "^1.1.0", "scheduler": "^0.23.2" }, "peerDependencies": { "react": "^18.3.1" } }, "sha512-5m4nQKp+rZRb09LNH59GM4BxTh9251/ylbKIbpe7TpGxfJ+9kv6BLkLBXIjjspbgbnIBNqlI23tRnTWT0snUIw=="],

    "scheduler": ["scheduler@0.23.2", "", { "dependencies": { "loose-envify": "^1.1.0" } }, "sha512-UOShsPwz7NrMUqhR6t0hWjFduvOzbtv7toDH1/hIrfRNIDBnnBWd0CwJTGvTpngVlmwGCdP9/Zl/tVrDqcuYzQ=="],
  }
}
